
Microsoft Visual Studio Solution File, Format Version 11.00
# Visual Studio 2010
Project("{FAE04EC0-301F-11D3-BF4B-00C04F79EFBC}") = "specs", "specs.csproj", "{DE4AC4DE-B457-429B-82EB-0C501B58789E}"
EndProject
Global
	GlobalSection(SolutionConfigurationPlatforms) = preSolution
		Debug|Any CPU = Debug|Any CPU
		Release|Any CPU = Release|Any CPU
	EndGlobalSection
	GlobalSection(ProjectConfigurationPlatforms) = postSolution
		{DE4AC4DE-B457-429B-82EB-0C501B58789E}.Debug|Any CPU.ActiveCfg = Debug|Any CPU
		{DE4AC4DE-B457-429B-82EB-0C501B58789E}.Debug|Any CPU.Build.0 = Debug|Any CPU
		{DE4AC4DE-B457-429B-82EB-0C501B58789E}.Release|Any CPU.ActiveCfg = Release|Any CPU
		{DE4AC4DE-B457-429B-82EB-0C501B58789E}.Release|Any CPU.Build.0 = Release|Any CPU
	EndGlobalSection
	GlobalSection(MonoDevelopProperties) = preSolution
		StartupItem = specs.csproj
	EndGlobalSection
EndGlobal
